
Microsoft Visual Studio Solution File, Format Version 12.00
# Visual Studio 15
VisualStudioVersion = 15.0.28010.2050
MinimumVisualStudioVersion = 10.0.40219.1
Project("{FAE04EC0-301F-11D3-BF4B-00C04F79EFBC}") = "LambdaDemo", "LambdaDemo\LambdaDemo.csproj", "{DAA35418-7193-450C-A0BF-6B5FEEF9FC46}"
EndProject
Global
	GlobalSection(SolutionConfigurationPlatforms) = preSolution
		Debug|Any CPU = Debug|Any CPU
		Release|Any CPU = Release|Any CPU
	EndGlobalSection
	GlobalSection(ProjectConfigurationPlatforms) = postSolution
		{DAA35418-7193-450C-A0BF-6B5FEEF9FC46}.Debug|Any CPU.ActiveCfg = Debug|Any CPU
		{DAA35418-7193-450C-A0BF-6B5FEEF9FC46}.Debug|Any CPU.Build.0 = Debug|Any CPU
		{DAA35418-7193-450C-A0BF-6B5FEEF9FC46}.Release|Any CPU.ActiveCfg = Release|Any CPU
		{DAA35418-7193-450C-A0BF-6B5FEEF9FC46}.Release|Any CPU.Build.0 = Release|Any CPU
	EndGlobalSection
	GlobalSection(SolutionProperties) = preSolution
		HideSolutionNode = FALSE
	EndGlobalSection
	GlobalSection(ExtensibilityGlobals) = postSolution
		SolutionGuid = {4C6ADC95-50EE-48F4-A097-41E1F64FA1E8}
	EndGlobalSection
EndGlobal
